
Microsoft Visual Studio Solution File, Format Version 12.00
# Visual Studio Version 16
VisualStudioVersion = 16.0.33214.272
MinimumVisualStudioVersion = 10.0.40219.1
Project("{FAE04EC0-301F-11D3-BF4B-00C04F79EFBC}") = "ApiTest", "ApiTest\ApiTest.csproj", "{7FFEA463-D520-4791-AAEB-2CD3023A23B5}"
EndProject
Project("{FAE04EC0-301F-11D3-BF4B-00C04F79EFBC}") = "ApiManager", "ApiManager\ApiManager.csproj", "{8118F00A-C38C-4770-8118-55A335559C94}"
EndProject
Project("{FAE04EC0-301F-11D3-BF4B-00C04F79EFBC}") = "ApiBl", "ApiBl\ApiBl.csproj", "{224C4181-E53B-4716-A6FA-0B1E9B9ECFC7}"
EndProject
Project("{FAE04EC0-301F-11D3-BF4B-00C04F79EFBC}") = "ApiDal", "ApiDal\ApiDal.csproj", "{4349420A-A099-4A5D-B065-7627D010A593}"
EndProject
Project("{FAE04EC0-301F-11D3-BF4B-00C04F79EFBC}") = "ApiManagerTests", "ApiManagerTests\ApiManagerTests.csproj", "{EFCF1EDB-0B4A-4D85-8C83-37CEC355DF11}"
EndProject
Global
	GlobalSection(SolutionConfigurationPlatforms) = preSolution
		Debug|Any CPU = Debug|Any CPU
		Release|Any CPU = Release|Any CPU
	EndGlobalSection
	GlobalSection(ProjectConfigurationPlatforms) = postSolution
		{7FFEA463-D520-4791-AAEB-2CD3023A23B5}.Debug|Any CPU.ActiveCfg = Debug|Any CPU
		{7FFEA463-D520-4791-AAEB-2CD3023A23B5}.Debug|Any CPU.Build.0 = Debug|Any CPU
		{7FFEA463-D520-4791-AAEB-2CD3023A23B5}.Release|Any CPU.ActiveCfg = Release|Any CPU
		{7FFEA463-D520-4791-AAEB-2CD3023A23B5}.Release|Any CPU.Build.0 = Release|Any CPU
		{8118F00A-C38C-4770-8118-55A335559C94}.Debug|Any CPU.ActiveCfg = Debug|Any CPU
		{8118F00A-C38C-4770-8118-55A335559C94}.Debug|Any CPU.Build.0 = Debug|Any CPU
		{8118F00A-C38C-4770-8118-55A335559C94}.Release|Any CPU.ActiveCfg = Release|Any CPU
		{8118F00A-C38C-4770-8118-55A335559C94}.Release|Any CPU.Build.0 = Release|Any CPU
		{224C4181-E53B-4716-A6FA-0B1E9B9ECFC7}.Debug|Any CPU.ActiveCfg = Debug|Any CPU
		{224C4181-E53B-4716-A6FA-0B1E9B9ECFC7}.Debug|Any CPU.Build.0 = Debug|Any CPU
		{224C4181-E53B-4716-A6FA-0B1E9B9ECFC7}.Release|Any CPU.ActiveCfg = Release|Any CPU
		{224C4181-E53B-4716-A6FA-0B1E9B9ECFC7}.Release|Any CPU.Build.0 = Release|Any CPU
		{4349420A-A099-4A5D-B065-7627D010A593}.Debug|Any CPU.ActiveCfg = Debug|Any CPU
		{4349420A-A099-4A5D-B065-7627D010A593}.Debug|Any CPU.Build.0 = Debug|Any CPU
		{4349420A-A099-4A5D-B065-7627D010A593}.Release|Any CPU.ActiveCfg = Release|Any CPU
		{4349420A-A099-4A5D-B065-7627D010A593}.Release|Any CPU.Build.0 = Release|Any CPU
		{EFCF1EDB-0B4A-4D85-8C83-37CEC355DF11}.Debug|Any CPU.ActiveCfg = Debug|Any CPU
		{EFCF1EDB-0B4A-4D85-8C83-37CEC355DF11}.Debug|Any CPU.Build.0 = Debug|Any CPU
		{EFCF1EDB-0B4A-4D85-8C83-37CEC355DF11}.Release|Any CPU.ActiveCfg = Release|Any CPU
		{EFCF1EDB-0B4A-4D85-8C83-37CEC355DF11}.Release|Any CPU.Build.0 = Release|Any CPU
	EndGlobalSection
	GlobalSection(SolutionProperties) = preSolution
		HideSolutionNode = FALSE
	EndGlobalSection
	GlobalSection(ExtensibilityGlobals) = postSolution
		SolutionGuid = {FB6E19E1-4792-42DE-87B6-38898DA46297}
	EndGlobalSection
EndGlobal
